{
  "name": "git-github-course",
  "lockfileVersion": 2,
  "requires": true,
  "packages": {
    "": {
      "dependencies": {
        "markdown-to-slides": "^1.0.5"
      }
    },
    "node_modules/markdown-to-slides": {
      "version": "1.0.5",
      "resolved": "https://registry.npmjs.org/markdown-to-slides/-/markdown-to-slides-1.0.5.tgz",
      "integrity": "sha512-7/WL/CziSCfq3Q/Xq5ROlzlLiOcrjGIhbpeF46va5Co968N0k7uFxFpM9mr6X7SFJtmwm7UvDbbrU6x5+Cds+w==",
      "dependencies": {
        "marked": "^0.3.2",
        "marked-to-md": "1.0.x",
        "mustache": "2.1.x",
        "optimist": "~0.3.4",
        "remark": "git://github.com/gnab/remark.git#v0.13.0"
      },
      "bin": {
        "markdown-to-slides": "index.js"
      }
    },
    "node_modules/marked": {
      "version": "0.3.19",
      "resolved": "https://registry.npmjs.org/marked/-/marked-0.3.19.tgz",
      "integrity": "sha512-ea2eGWOqNxPcXv8dyERdSr/6FmzvWwzjMxpfGB/sbMccXoct+xY+YukPD+QTUZwyvK7BZwcr4m21WBOW41pAkg==",
      "bin": {
        "marked": "bin/marked"
      },
      "engines": {
        "node": ">=0.10.0"
      }
    },
    "node_modules/marked-to-md": {
      "version": "1.0.1",
      "resolved": "https://registry.npmjs.org/marked-to-md/-/marked-to-md-1.0.1.tgz",
      "integrity": "sha512-qdV9Zx/OaBvMZUUWUXtrutncclSEAwgjRqcwypGeLCh6dKDg+cdf4BXHwdNSXHTzwdRHmtw3FSCJmAzpIBcF+g=="
    },
    "node_modules/mustache": {
      "version": "2.1.3",
      "resolved": "https://registry.npmjs.org/mustache/-/mustache-2.1.3.tgz",
      "integrity": "sha512-rJ7+0QdnoKy464CizHFlwjDULImCh82jWVWQOtPX1c0iTHh7flde4FOIPl1M+M7skvNQIcuUMBkDPIz2G1A7aQ==",
      "bin": {
        "mustache": "bin/mustache"
      },
      "engines": {
        "npm": ">=1.4.0"
      }
    },
    "node_modules/optimist": {
      "version": "0.3.7",
      "resolved": "https://registry.npmjs.org/optimist/-/optimist-0.3.7.tgz",
      "integrity": "sha512-TCx0dXQzVtSCg2OgY/bO9hjM9cV4XYx09TVK+s3+FhkjT6LovsLe+pPMzpWf+6yXK/hUizs2gUoTw3jHM0VaTQ==",
      "dependencies": {
        "wordwrap": "~0.0.2"
      }
    },
    "node_modules/remark": {
      "version": "0.13.0",
      "resolved": "git+ssh://git@github.com/gnab/remark.git#a6fdde973b965c1e1a5e6d93645096f71f96a05b",
      "dependencies": {
        "marked": "0.3.1"
      }
    },
    "node_modules/remark/node_modules/marked": {
      "version": "0.3.1",
      "resolved": "https://registry.npmjs.org/marked/-/marked-0.3.1.tgz",
      "integrity": "sha512-5j0gQzJggGbyJrK0e8T9Wf3GRsHjP7ZcoXp2Q5tfU/o44haXY9n+pECDWgrsKixqIwT/oHxygHWTV1j1RExIxw==",
      "bin": {
        "marked": "bin/marked"
      }
    },
    "node_modules/wordwrap": {
      "version": "0.0.3",
      "resolved": "https://registry.npmjs.org/wordwrap/-/wordwrap-0.0.3.tgz",
      "integrity": "sha512-1tMA907+V4QmxV7dbRvb4/8MaRALK6q9Abid3ndMYnbyo8piisCmeONVqVSXqQA3KaP4SLt5b7ud6E2sqP8TFw==",
      "engines": {
        "node": ">=0.4.0"
      }
    }
  },
  "dependencies": {
    "markdown-to-slides": {
      "version": "1.0.5",
      "resolved": "https://registry.npmjs.org/markdown-to-slides/-/markdown-to-slides-1.0.5.tgz",
      "integrity": "sha512-7/WL/CziSCfq3Q/Xq5ROlzlLiOcrjGIhbpeF46va5Co968N0k7uFxFpM9mr6X7SFJtmwm7UvDbbrU6x5+Cds+w==",
      "requires": {
        "marked": "^0.3.2",
        "marked-to-md": "1.0.x",
        "mustache": "2.1.x",
        "optimist": "~0.3.4",
        "remark": "git://github.com/gnab/remark.git#v0.13.0"
      }
    },
    "marked": {
      "version": "0.3.19",
      "resolved": "https://registry.npmjs.org/marked/-/marked-0.3.19.tgz",
      "integrity": "sha512-ea2eGWOqNxPcXv8dyERdSr/6FmzvWwzjMxpfGB/sbMccXoct+xY+YukPD+QTUZwyvK7BZwcr4m21WBOW41pAkg=="
    },
    "marked-to-md": {
      "version": "1.0.1",
      "resolved": "https://registry.npmjs.org/marked-to-md/-/marked-to-md-1.0.1.tgz",
      "integrity": "sha512-qdV9Zx/OaBvMZUUWUXtrutncclSEAwgjRqcwypGeLCh6dKDg+cdf4BXHwdNSXHTzwdRHmtw3FSCJmAzpIBcF+g=="
    },
    "mustache": {
      "version": "2.1.3",
      "resolved": "https://registry.npmjs.org/mustache/-/mustache-2.1.3.tgz",
      "integrity": "sha512-rJ7+0QdnoKy464CizHFlwjDULImCh82jWVWQOtPX1c0iTHh7flde4FOIPl1M+M7skvNQIcuUMBkDPIz2G1A7aQ=="
    },
    "optimist": {
      "version": "0.3.7",
      "resolved": "https://registry.npmjs.org/optimist/-/optimist-0.3.7.tgz",
      "integrity": "sha512-TCx0dXQzVtSCg2OgY/bO9hjM9cV4XYx09TVK+s3+FhkjT6LovsLe+pPMzpWf+6yXK/hUizs2gUoTw3jHM0VaTQ==",
      "requires": {
        "wordwrap": "~0.0.2"
      }
    },
    "remark": {
      "version": "git+ssh://git@github.com/gnab/remark.git#a6fdde973b965c1e1a5e6d93645096f71f96a05b",
      "from": "remark@git://github.com/gnab/remark.git#v0.13.0",
      "requires": {
        "marked": "0.3.1"
      },
      "dependencies": {
        "marked": {
          "version": "0.3.1",
          "resolved": "https://registry.npmjs.org/marked/-/marked-0.3.1.tgz",
          "integrity": "sha512-5j0gQzJggGbyJrK0e8T9Wf3GRsHjP7ZcoXp2Q5tfU/o44haXY9n+pECDWgrsKixqIwT/oHxygHWTV1j1RExIxw=="
        }
      }
    },
    "wordwrap": {
      "version": "0.0.3",
      "resolved": "https://registry.npmjs.org/wordwrap/-/wordwrap-0.0.3.tgz",
      "integrity": "sha512-1tMA907+V4QmxV7dbRvb4/8MaRALK6q9Abid3ndMYnbyo8piisCmeONVqVSXqQA3KaP4SLt5b7ud6E2sqP8TFw=="
    }
  }
}
